
Microsoft Visual Studio Solution File, Format Version 12.00
# Visual Studio Version 17
VisualStudioVersion = 17.11.35431.28
MinimumVisualStudioVersion = 10.0.40219.1
Project("{FAE04EC0-301F-11D3-BF4B-00C04F79EFBC}") = "RedNosedReports", "RedNosedReports\RedNosedReports.csproj", "{546D032E-D9AA-4BEB-AD2C-66957F37DCEA}"
EndProject
Global
	GlobalSection(SolutionConfigurationPlatforms) = preSolution
		Debug|Any CPU = Debug|Any CPU
		Release|Any CPU = Release|Any CPU
	EndGlobalSection
	GlobalSection(ProjectConfigurationPlatforms) = postSolution
		{546D032E-D9AA-4BEB-AD2C-66957F37DCEA}.Debug|Any CPU.ActiveCfg = Debug|Any CPU
		{546D032E-D9AA-4BEB-AD2C-66957F37DCEA}.Debug|Any CPU.Build.0 = Debug|Any CPU
		{546D032E-D9AA-4BEB-AD2C-66957F37DCEA}.Release|Any CPU.ActiveCfg = Release|Any CPU
		{546D032E-D9AA-4BEB-AD2C-66957F37DCEA}.Release|Any CPU.Build.0 = Release|Any CPU
	EndGlobalSection
	GlobalSection(SolutionProperties) = preSolution
		HideSolutionNode = FALSE
	EndGlobalSection
	GlobalSection(ExtensibilityGlobals) = postSolution
		SolutionGuid = {ABED2676-8FC4-4E09-A208-4838E7AE47F0}
	EndGlobalSection
EndGlobal
